// !$*UTF8*$!
{
	archiveVersion = 1;
	classes = {
	};
	objectVersion = 50;
	objects = {

/* Begin PBXBuildFile section */
		11F6419625042AA20014C273 /* AppDelegate.swift in Sources */ = {isa = PBXBuildFile; fileRef = 11F6419525042AA20014C273 /* AppDelegate.swift */; };
		11F6419825042AA20014C273 /* SceneDelegate.swift in Sources */ = {isa = PBXBuildFile; fileRef = 11F6419725042AA20014C273 /* SceneDelegate.swift */; };
		11F6419A25042AA20014C273 /* SpyToolsViewController.swift in Sources */ = {isa = PBXBuildFile; fileRef = 11F6419925042AA20014C273 /* SpyToolsViewController.swift */; };
		11F6419D25042AA20014C273 /* Main.storyboard in Resources */ = {isa = PBXBuildFile; fileRef = 11F6419B25042AA20014C273 /* Main.storyboard */; };
		11F6419F25042AA40014C273 /* Assets.xcassets in Resources */ = {isa = PBXBuildFile; fileRef = 11F6419E25042AA40014C273 /* Assets.xcassets */; };
		11F641A225042AA40014C273 /* LaunchScreen.storyboard in Resources */ = {isa = PBXBuildFile; fileRef = 11F641A025042AA40014C273 /* LaunchScreen.storyboard */; };
		11F641AA25042AB30014C273 /* WebViewController.swift in Sources */ = {isa = PBXBuildFile; fileRef = 11F641A925042AB30014C273 /* WebViewController.swift */; };
		11F641AC2504302B0014C273 /* StartViewController.swift in Sources */ = {isa = PBXBuildFile; fileRef = 11F641AB2504302B0014C273 /* StartViewController.swift */; };
/* End PBXBuildFile section */

/* Begin PBXFileReference section */
		11F6419225042AA20014C273 /* Spy Kit.app */ = {isa = PBXFileReference; explicitFileType = wrapper.application; includeInIndex = 0; path = "Spy Kit.app"; sourceTree = BUILT_PRODUCTS_DIR; };
		11F6419525042AA20014C273 /* AppDelegate.swift */ = {isa = PBXFileReference; lastKnownFileType = sourcecode.swift; path = AppDelegate.swift; sourceTree = "<group>"; };
		11F6419725042AA20014C273 /* SceneDelegate.swift */ = {isa = PBXFileReference; lastKnownFileType = sourcecode.swift; path = SceneDelegate.swift; sourceTree = "<group>"; };
		11F6419925042AA20014C273 /* SpyToolsViewController.swift */ = {isa = PBXFileReference; lastKnownFileType = sourcecode.swift; path = SpyToolsViewController.swift; sourceTree = "<group>"; };
		11F6419C25042AA20014C273 /* Base */ = {isa = PBXFileReference; lastKnownFileType = file.storyboard; name = Base; path = Base.lproj/Main.storyboard; sourceTree = "<group>"; };
		11F6419E25042AA40014C273 /* Assets.xcassets */ = {isa = PBXFileReference; lastKnownFileType = folder.assetcatalog; path = Assets.xcassets; sourceTree = "<group>"; };
		11F641A125042AA40014C273 /* Base */ = {isa = PBXFileReference; lastKnownFileType = file.storyboard; name = Base; path = Base.lproj/LaunchScreen.storyboard; sourceTree = "<group>"; };
		11F641A325042AA40014C273 /* Info.plist */ = {isa = PBXFileReference; lastKnownFileType = text.plist.xml; path = Info.plist; sourceTree = "<group>"; };
		11F641A925042AB30014C273 /* WebViewController.swift */ = {isa = PBXFileReference; lastKnownFileType = sourcecode.swift; path = WebViewController.swift; sourceTree = "<group>"; };
		11F641AB2504302B0014C273 /* StartViewController.swift */ = {isa = PBXFileReference; lastKnownFileType = sourcecode.swift; path = StartViewController.swift; sourceTree = "<group>"; };
/* End PBXFileReference section */

/* Begin PBXFrameworksBuildPhase section */
		11F6418F25042AA20014C273 /* Frameworks */ = {
			isa = PBXFrameworksBuildPhase;
			buildActionMask = 2147483647;
			files = (
			);
			runOnlyForDeploymentPostprocessing = 0;
		};
/* End PBXFrameworksBuildPhase section */

/* Begin PBXGroup section */
		11F6418925042AA20014C273 = {
			isa = PBXGroup;
			children = (
				11F6419425042AA20014C273 /* Fake Nameificator */,
				11F6419325042AA20014C273 /* Products */,
			);
			sourceTree = "<group>";
		};
		11F6419325042AA20014C273 /* Products */ = {
			isa = PBXGroup;
			children = (
				11F6419225042AA20014C273 /* Spy Kit.app */,
			);
			name = Products;
			sourceTree = "<group>";
		};
		11F6419425042AA20014C273 /* Fake Nameificator */ = {
			isa = PBXGroup;
			children = (
				11F6419525042AA20014C273 /* AppDelegate.swift */,
				11F6419725042AA20014C273 /* SceneDelegate.swift */,
				11F641AB2504302B0014C273 /* StartViewController.swift */,
				11F6419925042AA20014C273 /* SpyToolsViewController.swift */,
				11F641A925042AB30014C273 /* WebViewController.swift */,
				11F6419B25042AA20014C273 /* Main.storyboard */,
				11F6419E25042AA40014C273 /* Assets.xcassets */,
				11F641A025042AA40014C273 /* LaunchScreen.storyboard */,
				11F641A325042AA40014C273 /* Info.plist */,
			);
			path = "Fake Nameificator";
			sourceTree = "<group>";
		};
/* End PBXGroup section */

/* Begin PBXNativeTarget section */
		11F6419125042AA20014C273 /* Spy Kit */ = {
			isa = PBXNativeTarget;
			buildConfigurationList = 11F641A625042AA40014C273 /* Build configuration list for PBXNativeTarget "Spy Kit" */;
			buildPhases = (
				11F6418E25042AA20014C273 /* Sources */,
				11F6418F25042AA20014C273 /* Frameworks */,
				11F6419025042AA20014C273 /* Resources */,
			);
			buildRules = (
			);
			dependencies = (
			);
			name = "Spy Kit";
			productName = "Fake Nameificator";
			productReference = 11F6419225042AA20014C273 /* Spy Kit.app */;
			productType = "com.apple.product-type.application";
		};
/* End PBXNativeTarget section */

/* Begin PBXProject section */
		11F6418A25042AA20014C273 /* Project object */ = {
			isa = PBXProject;
			attributes = {
				LastSwiftUpdateCheck = 1150;
				LastUpgradeCheck = 1150;
				ORGANIZATIONNAME = "Hall Inc.";
				TargetAttributes = {
					11F6419125042AA20014C273 = {
						CreatedOnToolsVersion = 11.5;
					};
				};
			};
			buildConfigurationList = 11F6418D25042AA20014C273 /* Build configuration list for PBXProject "Spy Kit" */;
			compatibilityVersion = "Xcode 9.3";
			developmentRegion = en;
			hasScannedForEncodings = 0;
			knownRegions = (
				en,
				Base,
			);
			mainGroup = 11F6418925042AA20014C273;
			productRefGroup = 11F6419325042AA20014C273 /* Products */;
			projectDirPath = "";
			projectRoot = "";
			targets = (
				11F6419125042AA20014C273 /* Spy Kit */,
			);
		};
/* End PBXProject section */

/* Begin PBXResourcesBuildPhase section */
		11F6419025042AA20014C273 /* Resources */ = {
			isa = PBXResourcesBuildPhase;
			buildActionMask = 2147483647;
			files = (
				11F641A225042AA40014C273 /* LaunchScreen.storyboard in Resources */,
				11F6419F25042AA40014C273 /* Assets.xcassets in Resources */,
				11F6419D25042AA20014C273 /* Main.storyboard in Resources */,
			);
			runOnlyForDeploymentPostprocessing = 0;
		};
/* End PBXResourcesBuildPhase section */

/* Begin PBXSourcesBuildPhase section */
		11F6418E25042AA20014C273 /* Sources */ = {
			isa = PBXSourcesBuildPhase;
			buildActionMask = 2147483647;
			files = (
				11F641AC2504302B0014C273 /* StartViewController.swift in Sources */,
				11F6419A25042AA20014C273 /* SpyToolsViewController.swift in Sources */,
				11F6419625042AA20014C273 /* AppDelegate.swift in Sources */,
				11F6419825042AA20014C273 /* SceneDelegate.swift in Sources */,
				11F641AA25042AB30014C273 /* WebViewController.swift in Sources */,
			);
			runOnlyForDeploymentPostprocessing = 0;
		};
/* End PBXSourcesBuildPhase section */

/* Begin PBXVariantGroup section */
		11F6419B25042AA20014C273 /* Main.storyboard */ = {
			isa = PBXVariantGroup;
			children = (
				11F6419C25042AA20014C273 /* Base */,
			);
			name = Main.storyboard;
			sourceTree = "<group>";
		};
		11F641A025042AA40014C273 /* LaunchScreen.storyboard */ = {
			isa = PBXVariantGroup;
			children = (
				11F641A125042AA40014C273 /* Base */,
			);
			name = LaunchScreen.storyboard;
			sourceTree = "<group>";
		};
/* End PBXVariantGroup section */

/* Begin XCBuildConfiguration section */
		11F641A425042AA40014C273 /* Debug */ = {
			isa = XCBuildConfiguration;
			buildSettings = {
				ALWAYS_SEARCH_USER_PATHS = NO;
				CLANG_ANALYZER_NONNULL = YES;
				CLANG_ANALYZER_NUMBER_OBJECT_CONVERSION = YES_AGGRESSIVE;
				CLANG_CXX_LANGUAGE_STANDARD = "gnu++14";
				CLANG_CXX_LIBRARY = "libc++";
				CLANG_ENABLE_MODULES = YES;
				CLANG_ENABLE_OBJC_ARC = YES;
				CLANG_ENABLE_OBJC_WEAK = YES;
				CLANG_WARN_BLOCK_CAPTURE_AUTORELEASING = YES;
				CLANG_WARN_BOOL_CONVERSION = YES;
				CLANG_WARN_COMMA = YES;
				CLANG_WARN_CONSTANT_CONVERSION = YES;
				CLANG_WARN_DEPRECATED_OBJC_IMPLEMENTATIONS = YES;
				CLANG_WARN_DIRECT_OBJC_ISA_USAGE = YES_ERROR;
				CLANG_WARN_DOCUMENTATION_COMMENTS = YES;
				CLANG_WARN_EMPTY_BODY = YES;
				CLANG_WARN_ENUM_CONVERSION = YES;
				CLANG_WARN_INFINITE_RECURSION = YES;
				CLANG_WARN_INT_CONVERSION = YES;
				CLANG_WARN_NON_LITERAL_NULL_CONVERSION = YES;
				CLANG_WARN_OBJC_IMPLICIT_RETAIN_SELF = YES;
				CLANG_WARN_OBJC_LITERAL_CONVERSION = YES;
				CLANG_WARN_OBJC_ROOT_CLASS = YES_ERROR;
				CLANG_WARN_RANGE_LOOP_ANALYSIS = YES;
				CLANG_WARN_STRICT_PROTOTYPES = YES;
				CLANG_WARN_SUSPICIOUS_MOVE = YES;
				CLANG_WARN_UNGUARDED_AVAILABILITY = YES_AGGRESSIVE;
				CLANG_WARN_UNREACHABLE_CODE = YES;
				CLANG_WARN__DUPLICATE_METHOD_MATCH = YES;
				COPY_PHASE_STRIP = NO;
				DEBUG_INFORMATION_FORMAT = dwarf;
				ENABLE_STRICT_OBJC_MSGSEND = YES;
				ENABLE_TESTABILITY = YES;
				GCC_C_LANGUAGE_STANDARD = gnu11;
				GCC_DYNAMIC_NO_PIC = NO;
				GCC_NO_COMMON_BLOCKS = YES;
				GCC_OPTIMIZATION_LEVEL = 0;
				GCC_PREPROCESSOR_DEFINITIONS = (
					"DEBUG=1",
					"$(inherited)",
				);
				GCC_WARN_64_TO_32_BIT_CONVERSION = YES;
				GCC_WARN_ABOUT_RETURN_TYPE = YES_ERROR;
				GCC_WARN_UNDECLARED_SELECTOR = YES;
				GCC_WARN_UNINITIALIZED_AUTOS = YES_AGGRESSIVE;
				GCC_WARN_UNUSED_FUNCTION = YES;
				GCC_WARN_UNUSED_VARIABLE = YES;
				IPHONEOS_DEPLOYMENT_TARGET = 13.5;
				MTL_ENABLE_DEBUG_INFO = INCLUDE_SOURCE;
				MTL_FAST_MATH = YES;
				ONLY_ACTIVE_ARCH = YES;
				SDKROOT = iphoneos;
				SWIFT_ACTIVE_COMPILATION_CONDITIONS = DEBUG;
				SWIFT_OPTIMIZATION_LEVEL = "-Onone";
			};
			name = Debug;
		};
		11F641A525042AA40014C273 /* Release */ = {
			isa = XCBuildConfiguration;
			buildSettings = {
				ALWAYS_SEARCH_USER_PATHS = NO;
				CLANG_ANALYZER_NONNULL = YES;
				CLANG_ANALYZER_NUMBER_OBJECT_CONVERSION = YES_AGGRESSIVE;
				CLANG_CXX_LANGUAGE_STANDARD = "gnu++14";
				CLANG_CXX_LIBRARY = "libc++";
				CLANG_ENABLE_MODULES = YES;
				CLANG_ENABLE_OBJC_ARC = YES;
				CLANG_ENABLE_OBJC_WEAK = YES;
				CLANG_WARN_BLOCK_CAPTURE_AUTORELEASING = YES;
				CLANG_WARN_BOOL_CONVERSION = YES;
				CLANG_WARN_COMMA = YES;
				CLANG_WARN_CONSTANT_CONVERSION = YES;
				CLANG_WARN_DEPRECATED_OBJC_IMPLEMENTATIONS = YES;
				CLANG_WARN_DIRECT_OBJC_ISA_USAGE = YES_ERROR;
				CLANG_WARN_DOCUMENTATION_COMMENTS = YES;
				CLANG_WARN_EMPTY_BODY = YES;
				CLANG_WARN_ENUM_CONVERSION = YES;
				CLANG_WARN_INFINITE_RECURSION = YES;
				CLANG_WARN_INT_CONVERSION = YES;
				CLANG_WARN_NON_LITERAL_NULL_CONVERSION = YES;
				CLANG_WARN_OBJC_IMPLICIT_RETAIN_SELF = YES;
				CLANG_WARN_OBJC_LITERAL_CONVERSION = YES;
				CLANG_WARN_OBJC_ROOT_CLASS = YES_ERROR;
				CLANG_WARN_RANGE_LOOP_ANALYSIS = YES;
				CLANG_WARN_STRICT_PROTOTYPES = YES;
				CLANG_WARN_SUSPICIOUS_MOVE = YES;
				CLANG_WARN_UNGUARDED_AVAILABILITY = YES_AGGRESSIVE;
				CLANG_WARN_UNREACHABLE_CODE = YES;
				CLANG_WARN__DUPLICATE_METHOD_MATCH = YES;
				COPY_PHASE_STRIP = NO;
				DEBUG_INFORMATION_FORMAT = "dwarf-with-dsym";
				ENABLE_NS_ASSERTIONS = NO;
				ENABLE_STRICT_OBJC_MSGSEND = YES;
				GCC_C_LANGUAGE_STANDARD = gnu11;
				GCC_NO_COMMON_BLOCKS = YES;
				GCC_WARN_64_TO_32_BIT_CONVERSION = YES;
				GCC_WARN_ABOUT_RETURN_TYPE = YES_ERROR;
				GCC_WARN_UNDECLARED_SELECTOR = YES;
				GCC_WARN_UNINITIALIZED_AUTOS = YES_AGGRESSIVE;
				GCC_WARN_UNUSED_FUNCTION = YES;
				GCC_WARN_UNUSED_VARIABLE = YES;
				IPHONEOS_DEPLOYMENT_TARGET = 13.5;
				MTL_ENABLE_DEBUG_INFO = NO;
				MTL_FAST_MATH = YES;
				SDKROOT = iphoneos;
				SWIFT_COMPILATION_MODE = wholemodule;
				SWIFT_OPTIMIZATION_LEVEL = "-O";
				VALIDATE_PRODUCT = YES;
			};
			name = Release;
		};
		11F641A725042AA40014C273 /* Debug */ = {
			isa = XCBuildConfiguration;
			buildSettings = {
				ASSETCATALOG_COMPILER_APPICON_NAME = AppIcon;
				CODE_SIGN_STYLE = Automatic;
				DEVELOPMENT_TEAM = PFCM63NH3Y;
				INFOPLIST_FILE = "Fake Nameificator/Info.plist";
				LD_RUNPATH_SEARCH_PATHS = (
					"$(inherited)",
					"@executable_path/Frameworks",
				);
				PRODUCT_BUNDLE_IDENTIFIER = "com.alexanderhallcs.Fake-Nameificator";
				PRODUCT_NAME = "Spy Kit";
				SWIFT_VERSION = 5.0;
				TARGETED_DEVICE_FAMILY = 1;
			};
			name = Debug;
		};
		11F641A825042AA40014C273 /* Release */ = {
			isa = XCBuildConfiguration;
			buildSettings = {
				ASSETCATALOG_COMPILER_APPICON_NAME = AppIcon;
				CODE_SIGN_STYLE = Automatic;
				DEVELOPMENT_TEAM = PFCM63NH3Y;
				INFOPLIST_FILE = "Fake Nameificator/Info.plist";
				LD_RUNPATH_SEARCH_PATHS = (
					"$(inherited)",
					"@executable_path/Frameworks",
				);
				PRODUCT_BUNDLE_IDENTIFIER = "com.alexanderhallcs.Fake-Nameificator";
				PRODUCT_NAME = "Spy Kit";
				SWIFT_VERSION = 5.0;
				TARGETED_DEVICE_FAMILY = 1;
			};
			name = Release;
		};
/* End XCBuildConfiguration section */

/* Begin XCConfigurationList section */
		11F6418D25042AA20014C273 /* Build configuration list for PBXProject "Spy Kit" */ = {
			isa = XCConfigurationList;
			buildConfigurations = (
				11F641A425042AA40014C273 /* Debug */,
				11F641A525042AA40014C273 /* Release */,
			);
			defaultConfigurationIsVisible = 0;
			defaultConfigurationName = Release;
		};
		11F641A625042AA40014C273 /* Build configuration list for PBXNativeTarget "Spy Kit" */ = {
			isa = XCConfigurationList;
			buildConfigurations = (
				11F641A725042AA40014C273 /* Debug */,
				11F641A825042AA40014C273 /* Release */,
			);
			defaultConfigurationIsVisible = 0;
			defaultConfigurationName = Release;
		};
/* End XCConfigurationList section */
	};
	rootObject = 11F6418A25042AA20014C273 /* Project object */;
}
